{
  "requires": true,
  "lockfileVersion": 1,
  "dependencies": {
    "@tonejs/midi": {
      "version": "2.0.27",
      "resolved": "https://registry.npmjs.org/@tonejs/midi/-/midi-2.0.27.tgz",
      "integrity": "sha512-JYiGA8k37rTWKPoiPhbJfWLotnZFCKw0G0rqijHD+u+LdjewTgt/Ubhn2JnD2yR+6+eLXTqHLJRS2a+tNLla3w==",
      "requires": {
        "array-flatten": "^2.1.2",
        "midi-file": "^1.1.2"
      }
    },
    "array-flatten": {
      "version": "2.1.2",
      "resolved": "https://registry.npmjs.org/array-flatten/-/array-flatten-2.1.2.tgz",
      "integrity": "sha512-hNfzcOV8W4NdualtqBFPyVO+54DSJuZGY9qT4pRroB6S9e3iiido2ISIC5h9R2sPJ8H3FHCIiEnsv1lPXO3KtQ=="
    },
    "howler": {
      "version": "2.2.1",
      "resolved": "https://registry.npmjs.org/howler/-/howler-2.2.1.tgz",
      "integrity": "sha512-0iIXvuBO/81CcrQ/HSSweYmbT50fT2mIc9XMFb+kxIfk2pW/iKzDbX1n3fZmDXMEIpYvyyfrB+gXwPYSDqUxIQ=="
    },
    "midi-file": {
      "version": "1.1.2",
      "resolved": "https://registry.npmjs.org/midi-file/-/midi-file-1.1.2.tgz",
      "integrity": "sha512-VQNzirfADDFXTymgPJv2VfLylCq14spRNFhpA6u7dLqPMbw1BqGf5u9B0k7z++8X1RMs57pyn+G4kzhyIatlyw=="
    },
    "midi-parser-js": {
      "version": "4.0.4",
      "resolved": "https://registry.npmjs.org/midi-parser-js/-/midi-parser-js-4.0.4.tgz",
      "integrity": "sha512-yCCUNemjDET40SPslUbAyi7lClSS+ttcBAWNY337kJouRFsEtIql38Fp4p5xfODkltFvuqHJL9JytnZIrzpJbw=="
    },
    "node.js": {
      "version": "0.0.1-security",
      "resolved": "https://registry.npmjs.org/node.js/-/node.js-0.0.1-security.tgz",
      "integrity": "sha512-8tWQiyg/3ggdLTrtfgj/NxmZpC20eB1U5VNkqt2dbelpcr3NrfjpEE3DgifpBOCJ4Xu9Obvu8iju63ViQW3Hvg=="
    }
  }
}
